
Microsoft Visual Studio Solution File, Format Version 12.00
# Visual Studio Version 16
VisualStudioVersion = 16.0.31019.194
MinimumVisualStudioVersion = 10.0.40219.1
Project("{FAE04EC0-301F-11D3-BF4B-00C04F79EFBC}") = "ControlGallery.UWP", "ControlGallery\ControlGallery.UWP\ControlGallery.UWP.csproj", "{865BB221-E9CB-4CBD-80CF-D5433EAA66CA}"
EndProject
Project("{FAE04EC0-301F-11D3-BF4B-00C04F79EFBC}") = "ControlGallery.Android", "ControlGallery\ControlGallery.Android\ControlGallery.Android.csproj", "{CA351986-B517-473B-89E9-97E198E6C611}"
EndProject
Project("{FAE04EC0-301F-11D3-BF4B-00C04F79EFBC}") = "ControlGallery.iOS", "ControlGallery\ControlGallery.iOS\ControlGallery.iOS.csproj", "{A8C7C715-113E-4C7E-B6EF-C61F0D2E2AF4}"
EndProject
Project("{FAE04EC0-301F-11D3-BF4B-00C04F79EFBC}") = "ControlGallery", "ControlGallery\ControlGallery\ControlGallery.csproj", "{7287E734-F683-446A-BF6A-F369E568EC89}"
EndProject
Global
	GlobalSection(SolutionConfigurationPlatforms) = preSolution
		Debug|Any CPU = Debug|Any CPU
		Debug|ARM = Debug|ARM
		Debug|iPhone = Debug|iPhone
		Debug|iPhoneSimulator = Debug|iPhoneSimulator
		Debug|x64 = Debug|x64
		Debug|x86 = Debug|x86
		Release|Any CPU = Release|Any CPU
		Release|ARM = Release|ARM
		Release|iPhone = Release|iPhone
		Release|iPhoneSimulator = Release|iPhoneSimulator
		Release|x64 = Release|x64
		Release|x86 = Release|x86
	EndGlobalSection
	GlobalSection(ProjectConfigurationPlatforms) = postSolution
		{865BB221-E9CB-4CBD-80CF-D5433EAA66CA}.Debug|Any CPU.ActiveCfg = Debug|x86
		{865BB221-E9CB-4CBD-80CF-D5433EAA66CA}.Debug|Any CPU.Build.0 = Debug|x86
		{865BB221-E9CB-4CBD-80CF-D5433EAA66CA}.Debug|Any CPU.Deploy.0 = Debug|x86
		{865BB221-E9CB-4CBD-80CF-D5433EAA66CA}.Debug|ARM.ActiveCfg = Debug|ARM
		{865BB221-E9CB-4CBD-80CF-D5433EAA66CA}.Debug|ARM.Build.0 = Debug|ARM
		{865BB221-E9CB-4CBD-80CF-D5433EAA66CA}.Debug|ARM.Deploy.0 = Debug|ARM
		{865BB221-E9CB-4CBD-80CF-D5433EAA66CA}.Debug|iPhone.ActiveCfg = Debug|x86
		{865BB221-E9CB-4CBD-80CF-D5433EAA66CA}.Debug|iPhone.Build.0 = Debug|x86
		{865BB221-E9CB-4CBD-80CF-D5433EAA66CA}.Debug|iPhone.Deploy.0 = Debug|x86
		{865BB221-E9CB-4CBD-80CF-D5433EAA66CA}.Debug|iPhoneSimulator.ActiveCfg = Debug|x86
		{865BB221-E9CB-4CBD-80CF-D5433EAA66CA}.Debug|iPhoneSimulator.Build.0 = Debug|x86
		{865BB221-E9CB-4CBD-80CF-D5433EAA66CA}.Debug|iPhoneSimulator.Deploy.0 = Debug|x86
		{865BB221-E9CB-4CBD-80CF-D5433EAA66CA}.Debug|x64.ActiveCfg = Debug|x64
		{865BB221-E9CB-4CBD-80CF-D5433EAA66CA}.Debug|x64.Build.0 = Debug|x64
		{865BB221-E9CB-4CBD-80CF-D5433EAA66CA}.Debug|x64.Deploy.0 = Debug|x64
		{865BB221-E9CB-4CBD-80CF-D5433EAA66CA}.Debug|x86.ActiveCfg = Debug|x86
		{865BB221-E9CB-4CBD-80CF-D5433EAA66CA}.Debug|x86.Build.0 = Debug|x86
		{865BB221-E9CB-4CBD-80CF-D5433EAA66CA}.Debug|x86.Deploy.0 = Debug|x86
		{865BB221-E9CB-4CBD-80CF-D5433EAA66CA}.Release|Any CPU.ActiveCfg = Release|x86
		{865BB221-E9CB-4CBD-80CF-D5433EAA66CA}.Release|Any CPU.Build.0 = Release|x86
		{865BB221-E9CB-4CBD-80CF-D5433EAA66CA}.Release|Any CPU.Deploy.0 = Release|x86
		{865BB221-E9CB-4CBD-80CF-D5433EAA66CA}.Release|ARM.ActiveCfg = Release|ARM
		{865BB221-E9CB-4CBD-80CF-D5433EAA66CA}.Release|ARM.Build.0 = Release|ARM
		{865BB221-E9CB-4CBD-80CF-D5433EAA66CA}.Release|ARM.Deploy.0 = Release|ARM
		{865BB221-E9CB-4CBD-80CF-D5433EAA66CA}.Release|iPhone.ActiveCfg = Release|x86
		{865BB221-E9CB-4CBD-80CF-D5433EAA66CA}.Release|iPhone.Build.0 = Release|x86
		{865BB221-E9CB-4CBD-80CF-D5433EAA66CA}.Release|iPhone.Deploy.0 = Release|x86
		{865BB221-E9CB-4CBD-80CF-D5433EAA66CA}.Release|iPhoneSimulator.ActiveCfg = Release|x86
		{865BB221-E9CB-4CBD-80CF-D5433EAA66CA}.Release|iPhoneSimulator.Build.0 = Release|x86
		{865BB221-E9CB-4CBD-80CF-D5433EAA66CA}.Release|iPhoneSimulator.Deploy.0 = Release|x86
		{865BB221-E9CB-4CBD-80CF-D5433EAA66CA}.Release|x64.ActiveCfg = Release|x64
		{865BB221-E9CB-4CBD-80CF-D5433EAA66CA}.Release|x64.Build.0 = Release|x64
		{865BB221-E9CB-4CBD-80CF-D5433EAA66CA}.Release|x64.Deploy.0 = Release|x64
		{865BB221-E9CB-4CBD-80CF-D5433EAA66CA}.Release|x86.ActiveCfg = Release|x86
		{865BB221-E9CB-4CBD-80CF-D5433EAA66CA}.Release|x86.Build.0 = Release|x86
		{865BB221-E9CB-4CBD-80CF-D5433EAA66CA}.Release|x86.Deploy.0 = Release|x86
		{CA351986-B517-473B-89E9-97E198E6C611}.Debug|Any CPU.ActiveCfg = Debug|Any CPU
		{CA351986-B517-473B-89E9-97E198E6C611}.Debug|Any CPU.Build.0 = Debug|Any CPU
		{CA351986-B517-473B-89E9-97E198E6C611}.Debug|Any CPU.Deploy.0 = Debug|Any CPU
		{CA351986-B517-473B-89E9-97E198E6C611}.Debug|ARM.ActiveCfg = Debug|Any CPU
		{CA351986-B517-473B-89E9-97E198E6C611}.Debug|ARM.Build.0 = Debug|Any CPU
		{CA351986-B517-473B-89E9-97E198E6C611}.Debug|ARM.Deploy.0 = Debug|Any CPU
		{CA351986-B517-473B-89E9-97E198E6C611}.Debug|iPhone.ActiveCfg = Debug|Any CPU
		{CA351986-B517-473B-89E9-97E198E6C611}.Debug|iPhone.Build.0 = Debug|Any CPU
		{CA351986-B517-473B-89E9-97E198E6C611}.Debug|iPhone.Deploy.0 = Debug|Any CPU
		{CA351986-B517-473B-89E9-97E198E6C611}.Debug|iPhoneSimulator.ActiveCfg = Debug|Any CPU
		{CA351986-B517-473B-89E9-97E198E6C611}.Debug|iPhoneSimulator.Build.0 = Debug|Any CPU
		{CA351986-B517-473B-89E9-97E198E6C611}.Debug|iPhoneSimulator.Deploy.0 = Debug|Any CPU
		{CA351986-B517-473B-89E9-97E198E6C611}.Debug|x64.ActiveCfg = Debug|Any CPU
		{CA351986-B517-473B-89E9-97E198E6C611}.Debug|x64.Build.0 = Debug|Any CPU
		{CA351986-B517-473B-89E9-97E198E6C611}.Debug|x64.Deploy.0 = Debug|Any CPU
		{CA351986-B517-473B-89E9-97E198E6C611}.Debug|x86.ActiveCfg = Debug|Any CPU
		{CA351986-B517-473B-89E9-97E198E6C611}.Debug|x86.Build.0 = Debug|Any CPU
		{CA351986-B517-473B-89E9-97E198E6C611}.Debug|x86.Deploy.0 = Debug|Any CPU
		{CA351986-B517-473B-89E9-97E198E6C611}.Release|Any CPU.ActiveCfg = Release|Any CPU
		{CA351986-B517-473B-89E9-97E198E6C611}.Release|Any CPU.Build.0 = Release|Any CPU
		{CA351986-B517-473B-89E9-97E198E6C611}.Release|Any CPU.Deploy.0 = Release|Any CPU
		{CA351986-B517-473B-89E9-97E198E6C611}.Release|ARM.ActiveCfg = Release|Any CPU
		{CA351986-B517-473B-89E9-97E198E6C611}.Release|ARM.Build.0 = Release|Any CPU
		{CA351986-B517-473B-89E9-97E198E6C611}.Release|ARM.Deploy.0 = Release|Any CPU
		{CA351986-B517-473B-89E9-97E198E6C611}.Release|iPhone.ActiveCfg = Release|Any CPU
		{CA351986-B517-473B-89E9-97E198E6C611}.Release|iPhone.Build.0 = Release|Any CPU
		{CA351986-B517-473B-89E9-97E198E6C611}.Release|iPhone.Deploy.0 = Release|Any CPU
		{CA351986-B517-473B-89E9-97E198E6C611}.Release|iPhoneSimulator.ActiveCfg = Release|Any CPU
		{CA351986-B517-473B-89E9-97E198E6C611}.Release|iPhoneSimulator.Build.0 = Release|Any CPU
		{CA351986-B517-473B-89E9-97E198E6C611}.Release|iPhoneSimulator.Deploy.0 = Release|Any CPU
		{CA351986-B517-473B-89E9-97E198E6C611}.Release|x64.ActiveCfg = Release|Any CPU
		{CA351986-B517-473B-89E9-97E198E6C611}.Release|x64.Build.0 = Release|Any CPU
		{CA351986-B517-473B-89E9-97E198E6C611}.Release|x64.Deploy.0 = Release|Any CPU
		{CA351986-B517-473B-89E9-97E198E6C611}.Release|x86.ActiveCfg = Release|Any CPU
		{CA351986-B517-473B-89E9-97E198E6C611}.Release|x86.Build.0 = Release|Any CPU
		{CA351986-B517-473B-89E9-97E198E6C611}.Release|x86.Deploy.0 = Release|Any CPU
		{A8C7C715-113E-4C7E-B6EF-C61F0D2E2AF4}.Debug|Any CPU.ActiveCfg = Debug|iPhoneSimulator
		{A8C7C715-113E-4C7E-B6EF-C61F0D2E2AF4}.Debug|Any CPU.Build.0 = Debug|iPhoneSimulator
		{A8C7C715-113E-4C7E-B6EF-C61F0D2E2AF4}.Debug|Any CPU.Deploy.0 = Debug|iPhoneSimulator
		{A8C7C715-113E-4C7E-B6EF-C61F0D2E2AF4}.Debug|ARM.ActiveCfg = Debug|iPhone
		{A8C7C715-113E-4C7E-B6EF-C61F0D2E2AF4}.Debug|ARM.Build.0 = Debug|iPhone
		{A8C7C715-113E-4C7E-B6EF-C61F0D2E2AF4}.Debug|ARM.Deploy.0 = Debug|iPhone
		{A8C7C715-113E-4C7E-B6EF-C61F0D2E2AF4}.Debug|iPhone.ActiveCfg = Debug|iPhone
		{A8C7C715-113E-4C7E-B6EF-C61F0D2E2AF4}.Debug|iPhone.Build.0 = Debug|iPhone
		{A8C7C715-113E-4C7E-B6EF-C61F0D2E2AF4}.Debug|iPhone.Deploy.0 = Debug|iPhone
		{A8C7C715-113E-4C7E-B6EF-C61F0D2E2AF4}.Debug|iPhoneSimulator.ActiveCfg = Debug|iPhoneSimulator
		{A8C7C715-113E-4C7E-B6EF-C61F0D2E2AF4}.Debug|iPhoneSimulator.Build.0 = Debug|iPhoneSimulator
		{A8C7C715-113E-4C7E-B6EF-C61F0D2E2AF4}.Debug|iPhoneSimulator.Deploy.0 = Debug|iPhoneSimulator
		{A8C7C715-113E-4C7E-B6EF-C61F0D2E2AF4}.Debug|x64.ActiveCfg = Debug|iPhoneSimulator
		{A8C7C715-113E-4C7E-B6EF-C61F0D2E2AF4}.Debug|x64.Build.0 = Debug|iPhoneSimulator
		{A8C7C715-113E-4C7E-B6EF-C61F0D2E2AF4}.Debug|x64.Deploy.0 = Debug|iPhoneSimulator
		{A8C7C715-113E-4C7E-B6EF-C61F0D2E2AF4}.Debug|x86.ActiveCfg = Debug|iPhoneSimulator
		{A8C7C715-113E-4C7E-B6EF-C61F0D2E2AF4}.Debug|x86.Build.0 = Debug|iPhoneSimulator
		{A8C7C715-113E-4C7E-B6EF-C61F0D2E2AF4}.Debug|x86.Deploy.0 = Debug|iPhoneSimulator
		{A8C7C715-113E-4C7E-B6EF-C61F0D2E2AF4}.Release|Any CPU.ActiveCfg = Release|iPhoneSimulator
		{A8C7C715-113E-4C7E-B6EF-C61F0D2E2AF4}.Release|Any CPU.Build.0 = Release|iPhoneSimulator
		{A8C7C715-113E-4C7E-B6EF-C61F0D2E2AF4}.Release|Any CPU.Deploy.0 = Release|iPhoneSimulator
		{A8C7C715-113E-4C7E-B6EF-C61F0D2E2AF4}.Release|ARM.ActiveCfg = Release|iPhoneSimulator
		{A8C7C715-113E-4C7E-B6EF-C61F0D2E2AF4}.Release|ARM.Build.0 = Release|iPhoneSimulator
		{A8C7C715-113E-4C7E-B6EF-C61F0D2E2AF4}.Release|ARM.Deploy.0 = Release|iPhoneSimulator
		{A8C7C715-113E-4C7E-B6EF-C61F0D2E2AF4}.Release|iPhone.ActiveCfg = Release|iPhone
		{A8C7C715-113E-4C7E-B6EF-C61F0D2E2AF4}.Release|iPhone.Build.0 = Release|iPhone
		{A8C7C715-113E-4C7E-B6EF-C61F0D2E2AF4}.Release|iPhone.Deploy.0 = Release|iPhone
		{A8C7C715-113E-4C7E-B6EF-C61F0D2E2AF4}.Release|iPhoneSimulator.ActiveCfg = Release|iPhoneSimulator
		{A8C7C715-113E-4C7E-B6EF-C61F0D2E2AF4}.Release|iPhoneSimulator.Build.0 = Release|iPhoneSimulator
		{A8C7C715-113E-4C7E-B6EF-C61F0D2E2AF4}.Release|iPhoneSimulator.Deploy.0 = Release|iPhoneSimulator
		{A8C7C715-113E-4C7E-B6EF-C61F0D2E2AF4}.Release|x64.ActiveCfg = Release|iPhoneSimulator
		{A8C7C715-113E-4C7E-B6EF-C61F0D2E2AF4}.Release|x64.Build.0 = Release|iPhoneSimulator
		{A8C7C715-113E-4C7E-B6EF-C61F0D2E2AF4}.Release|x64.Deploy.0 = Release|iPhoneSimulator
		{A8C7C715-113E-4C7E-B6EF-C61F0D2E2AF4}.Release|x86.ActiveCfg = Release|iPhoneSimulator
		{A8C7C715-113E-4C7E-B6EF-C61F0D2E2AF4}.Release|x86.Build.0 = Release|iPhoneSimulator
		{A8C7C715-113E-4C7E-B6EF-C61F0D2E2AF4}.Release|x86.Deploy.0 = Release|iPhoneSimulator
		{7287E734-F683-446A-BF6A-F369E568EC89}.Debug|Any CPU.ActiveCfg = Debug|Any CPU
		{7287E734-F683-446A-BF6A-F369E568EC89}.Debug|Any CPU.Build.0 = Debug|Any CPU
		{7287E734-F683-446A-BF6A-F369E568EC89}.Debug|Any CPU.Deploy.0 = Debug|Any CPU
		{7287E734-F683-446A-BF6A-F369E568EC89}.Debug|ARM.ActiveCfg = Debug|Any CPU
		{7287E734-F683-446A-BF6A-F369E568EC89}.Debug|ARM.Build.0 = Debug|Any CPU
		{7287E734-F683-446A-BF6A-F369E568EC89}.Debug|ARM.Deploy.0 = Debug|Any CPU
		{7287E734-F683-446A-BF6A-F369E568EC89}.Debug|iPhone.ActiveCfg = Debug|Any CPU
		{7287E734-F683-446A-BF6A-F369E568EC89}.Debug|iPhone.Build.0 = Debug|Any CPU
		{7287E734-F683-446A-BF6A-F369E568EC89}.Debug|iPhone.Deploy.0 = Debug|Any CPU
		{7287E734-F683-446A-BF6A-F369E568EC89}.Debug|iPhoneSimulator.ActiveCfg = Debug|Any CPU
		{7287E734-F683-446A-BF6A-F369E568EC89}.Debug|iPhoneSimulator.Build.0 = Debug|Any CPU
		{7287E734-F683-446A-BF6A-F369E568EC89}.Debug|iPhoneSimulator.Deploy.0 = Debug|Any CPU
		{7287E734-F683-446A-BF6A-F369E568EC89}.Debug|x64.ActiveCfg = Debug|Any CPU
		{7287E734-F683-446A-BF6A-F369E568EC89}.Debug|x64.Build.0 = Debug|Any CPU
		{7287E734-F683-446A-BF6A-F369E568EC89}.Debug|x64.Deploy.0 = Debug|Any CPU
		{7287E734-F683-446A-BF6A-F369E568EC89}.Debug|x86.ActiveCfg = Debug|Any CPU
		{7287E734-F683-446A-BF6A-F369E568EC89}.Debug|x86.Build.0 = Debug|Any CPU
		{7287E734-F683-446A-BF6A-F369E568EC89}.Debug|x86.Deploy.0 = Debug|Any CPU
		{7287E734-F683-446A-BF6A-F369E568EC89}.Release|Any CPU.ActiveCfg = Release|Any CPU
		{7287E734-F683-446A-BF6A-F369E568EC89}.Release|Any CPU.Build.0 = Release|Any CPU
		{7287E734-F683-446A-BF6A-F369E568EC89}.Release|Any CPU.Deploy.0 = Release|Any CPU
		{7287E734-F683-446A-BF6A-F369E568EC89}.Release|ARM.ActiveCfg = Release|Any CPU
		{7287E734-F683-446A-BF6A-F369E568EC89}.Release|ARM.Build.0 = Release|Any CPU
		{7287E734-F683-446A-BF6A-F369E568EC89}.Release|ARM.Deploy.0 = Release|Any CPU
		{7287E734-F683-446A-BF6A-F369E568EC89}.Release|iPhone.ActiveCfg = Release|Any CPU
		{7287E734-F683-446A-BF6A-F369E568EC89}.Release|iPhone.Build.0 = Release|Any CPU
		{7287E734-F683-446A-BF6A-F369E568EC89}.Release|iPhone.Deploy.0 = Release|Any CPU
		{7287E734-F683-446A-BF6A-F369E568EC89}.Release|iPhoneSimulator.ActiveCfg = Release|Any CPU
		{7287E734-F683-446A-BF6A-F369E568EC89}.Release|iPhoneSimulator.Build.0 = Release|Any CPU
		{7287E734-F683-446A-BF6A-F369E568EC89}.Release|iPhoneSimulator.Deploy.0 = Release|Any CPU
		{7287E734-F683-446A-BF6A-F369E568EC89}.Release|x64.ActiveCfg = Release|Any CPU
		{7287E734-F683-446A-BF6A-F369E568EC89}.Release|x64.Build.0 = Release|Any CPU
		{7287E734-F683-446A-BF6A-F369E568EC89}.Release|x64.Deploy.0 = Release|Any CPU
		{7287E734-F683-446A-BF6A-F369E568EC89}.Release|x86.ActiveCfg = Release|Any CPU
		{7287E734-F683-446A-BF6A-F369E568EC89}.Release|x86.Build.0 = Release|Any CPU
		{7287E734-F683-446A-BF6A-F369E568EC89}.Release|x86.Deploy.0 = Release|Any CPU
	EndGlobalSection
	GlobalSection(SolutionProperties) = preSolution
		HideSolutionNode = FALSE
	EndGlobalSection
	GlobalSection(ExtensibilityGlobals) = postSolution
		SolutionGuid = {6AC2B160-BA9B-4B64-97FE-9C5714DF9F3C}
	EndGlobalSection
EndGlobal
