
Microsoft Visual Studio Solution File, Format Version 12.00
# Visual Studio Version 16
VisualStudioVersion = 16.0.31019.194
MinimumVisualStudioVersion = 10.0.40219.1
Project("{FAE04EC0-301F-11D3-BF4B-00C04F79EFBC}") = "ControlGallery", "ControlGallery\ControlGallery.csproj", "{777B4FC0-8D66-48AB-9D56-0FCC46F683EF}"
EndProject
Global
	GlobalSection(SolutionConfigurationPlatforms) = preSolution
		Debug|Any CPU = Debug|Any CPU
		Debug|ARM = Debug|ARM
		Debug|iPhone = Debug|iPhone
		Debug|iPhoneSimulator = Debug|iPhoneSimulator
		Debug|x64 = Debug|x64
		Debug|x86 = Debug|x86
		Release|Any CPU = Release|Any CPU
		Release|ARM = Release|ARM
		Release|iPhone = Release|iPhone
		Release|iPhoneSimulator = Release|iPhoneSimulator
		Release|x64 = Release|x64
		Release|x86 = Release|x86
	EndGlobalSection
	GlobalSection(ProjectConfigurationPlatforms) = postSolution
		{777B4FC0-8D66-48AB-9D56-0FCC46F683EF}.Debug|Any CPU.ActiveCfg = Debug|Any CPU
		{777B4FC0-8D66-48AB-9D56-0FCC46F683EF}.Debug|Any CPU.Build.0 = Debug|Any CPU
		{777B4FC0-8D66-48AB-9D56-0FCC46F683EF}.Debug|ARM.ActiveCfg = Debug|Any CPU
		{777B4FC0-8D66-48AB-9D56-0FCC46F683EF}.Debug|ARM.Build.0 = Debug|Any CPU
		{777B4FC0-8D66-48AB-9D56-0FCC46F683EF}.Debug|iPhone.ActiveCfg = Debug|Any CPU
		{777B4FC0-8D66-48AB-9D56-0FCC46F683EF}.Debug|iPhone.Build.0 = Debug|Any CPU
		{777B4FC0-8D66-48AB-9D56-0FCC46F683EF}.Debug|iPhoneSimulator.ActiveCfg = Debug|Any CPU
		{777B4FC0-8D66-48AB-9D56-0FCC46F683EF}.Debug|iPhoneSimulator.Build.0 = Debug|Any CPU
		{777B4FC0-8D66-48AB-9D56-0FCC46F683EF}.Debug|x64.ActiveCfg = Debug|Any CPU
		{777B4FC0-8D66-48AB-9D56-0FCC46F683EF}.Debug|x64.Build.0 = Debug|Any CPU
		{777B4FC0-8D66-48AB-9D56-0FCC46F683EF}.Debug|x86.ActiveCfg = Debug|Any CPU
		{777B4FC0-8D66-48AB-9D56-0FCC46F683EF}.Debug|x86.Build.0 = Debug|Any CPU
		{777B4FC0-8D66-48AB-9D56-0FCC46F683EF}.Release|Any CPU.ActiveCfg = Release|Any CPU
		{777B4FC0-8D66-48AB-9D56-0FCC46F683EF}.Release|Any CPU.Build.0 = Release|Any CPU
		{777B4FC0-8D66-48AB-9D56-0FCC46F683EF}.Release|ARM.ActiveCfg = Release|Any CPU
		{777B4FC0-8D66-48AB-9D56-0FCC46F683EF}.Release|ARM.Build.0 = Release|Any CPU
		{777B4FC0-8D66-48AB-9D56-0FCC46F683EF}.Release|iPhone.ActiveCfg = Release|Any CPU
		{777B4FC0-8D66-48AB-9D56-0FCC46F683EF}.Release|iPhone.Build.0 = Release|Any CPU
		{777B4FC0-8D66-48AB-9D56-0FCC46F683EF}.Release|iPhoneSimulator.ActiveCfg = Release|Any CPU
		{777B4FC0-8D66-48AB-9D56-0FCC46F683EF}.Release|iPhoneSimulator.Build.0 = Release|Any CPU
		{777B4FC0-8D66-48AB-9D56-0FCC46F683EF}.Release|x64.ActiveCfg = Release|Any CPU
		{777B4FC0-8D66-48AB-9D56-0FCC46F683EF}.Release|x64.Build.0 = Release|Any CPU
		{777B4FC0-8D66-48AB-9D56-0FCC46F683EF}.Release|x86.ActiveCfg = Release|Any CPU
		{777B4FC0-8D66-48AB-9D56-0FCC46F683EF}.Release|x86.Build.0 = Release|Any CPU
	EndGlobalSection
	GlobalSection(SolutionProperties) = preSolution
		HideSolutionNode = FALSE
	EndGlobalSection
	GlobalSection(ExtensibilityGlobals) = postSolution
		SolutionGuid = {6AC2B160-BA9B-4B64-97FE-9C5714DF9F3C}
	EndGlobalSection
EndGlobal
